
Microsoft Visual Studio Solution File, Format Version 12.00
# Visual Studio Version 17
VisualStudioVersion = 17.11.35312.102
MinimumVisualStudioVersion = 10.0.40219.1
Project("{FAE04EC0-301F-11D3-BF4B-00C04F79EFBC}") = "WpfWelcomeApp", "WpfWelcomeApp\WpfWelcomeApp.csproj", "{16D63F02-C3D3-4133-9080-073689580D26}"
EndProject
Global
	GlobalSection(SolutionConfigurationPlatforms) = preSolution
		Debug|Any CPU = Debug|Any CPU
		Release|Any CPU = Release|Any CPU
	EndGlobalSection
	GlobalSection(ProjectConfigurationPlatforms) = postSolution
		{16D63F02-C3D3-4133-9080-073689580D26}.Debug|Any CPU.ActiveCfg = Debug|Any CPU
		{16D63F02-C3D3-4133-9080-073689580D26}.Debug|Any CPU.Build.0 = Debug|Any CPU
		{16D63F02-C3D3-4133-9080-073689580D26}.Release|Any CPU.ActiveCfg = Release|Any CPU
		{16D63F02-C3D3-4133-9080-073689580D26}.Release|Any CPU.Build.0 = Release|Any CPU
	EndGlobalSection
	GlobalSection(SolutionProperties) = preSolution
		HideSolutionNode = FALSE
	EndGlobalSection
	GlobalSection(ExtensibilityGlobals) = postSolution
		SolutionGuid = {FEA0EB23-07F5-417F-BF8F-5198C9A924EE}
	EndGlobalSection
EndGlobal
